hash: a4ed81054a890a509b3d8d9df9e2daa98f827bea7dabbdafe4572bc62b78272b
updated: 2018-12-04T10:57:20.300192688+01:00
imports:
- name: github.com/cenkalti/backoff
  version: 62661b46c4093e2c1f38d943e663db1a29873e80
- name: github.com/eclipse/paho.mqtt.golang
  version: 379fd9f99ba5b1f02c9fffb5e5952416ef9301dc
  subpackages:
  - packets
- name: github.com/energieip/common-database-go
  version: 1cb7810c1da3f744c5ac7fc19841feb42e92f00f
  subpackages:
  - pkg/database
- name: github.com/energieip/common-network-go
  version: 01ec1e24bba2894274ea78d510b5fe7f2649352a
  subpackages:
  - pkg/network
- name: github.com/energieip/common-sensor-go
  version: 22f5097a11881daad93c1880dda1db59ba345db7
  subpackages:
  - pkg/driversensor
- name: github.com/energieip/common-service-go
  version: b961505ab34088b37ffe57641fbb5451dcb03e83
  subpackages:
  - pkg/service
- name: github.com/energieip/common-tools-go
  version: e984ad0511951c4e76e0145ed686128121575be8
  subpackages:
  - pkg/tools
- name: github.com/golang/protobuf
  version: 1d3f30b51784bec5aad268e59fd3c2fc1c2fe73f
  subpackages:
  - proto
- name: github.com/hailocab/go-hostpool
  version: e80d13ce29ede4452c43dea11e79b9bc8a15b478
- name: github.com/konsorten/go-windows-terminal-sequences
  version: 5c8c8bd35d3832f5d134ae1e1e375b69a4d25242
- name: github.com/opentracing/opentracing-go
  version: 8b5a441dc60e8d9bb9bf9d22060b6d94fa599983
  subpackages:
  - ext
  - log
- name: github.com/romana/rlog
  version: f018bc92e7d71f27c04e04cbf008860416c21d01
- name: github.com/sirupsen/logrus
  version: 29d7eb25e8ffa54207ff5a9a5c3d63e95be2cc39
- name: golang.org/x/crypto
  version: 505ab145d0a99da450461ae2c1a9f6cd10d1f447
  subpackages:
  - pbkdf2
  - ssh/terminal
- name: golang.org/x/net
  version: 351d144fa1fc0bd934e2408202be0c29f25e35a0
  subpackages:
  - context
  - internal/socks
  - proxy
  - websocket
- name: golang.org/x/sys
  version: 4ed8d59d0b35e1e29334a206d1b3f38b1e5dfb31
  subpackages:
  - unix
  - windows
- name: gopkg.in/fatih/pool.v2
  version: 010e0b745d12eaf8426c95f9c3924d81dd0b668f
- name: gopkg.in/rethinkdb/rethinkdb-go.v5
  version: 442075482543497ce5f159d3dea451dc43bd1c0a
  subpackages:
  - encoding
  - ql2
  - types
testImports: []
