hash: a4ed81054a890a509b3d8d9df9e2daa98f827bea7dabbdafe4572bc62b78272b
updated: 2018-11-29T08:51:25.135508688+01:00
imports:
- name: github.com/cenkalti/backoff
  version: 62661b46c4093e2c1f38d943e663db1a29873e80
- name: github.com/eclipse/paho.mqtt.golang
  version: 103f6a1ef3ffa45671307ccb1c88ba2f4834993d
  subpackages:
  - packets
- name: github.com/energieip/common-database-go
  version: a64a57a3afc5af682f00e9884f6f2fa53a7a13b3
  subpackages:
  - pkg/database
- name: github.com/energieip/common-network-go
  version: 8aff99fdd768a5419044500cbcee9660b6944954
  subpackages:
  - pkg/network
- name: github.com/energieip/common-sensor-go
  version: 56bc81b92fc6ca9f63f8714bc54dffcfb3d71f0e
  subpackages:
  - pkg/driversensor
- name: github.com/energieip/common-service-go
  version: d56510854f16835548f1da189ad6cd911f4a2316
  subpackages:
  - pkg/service
- name: github.com/golang/protobuf
  version: 1d3f30b51784bec5aad268e59fd3c2fc1c2fe73f
  subpackages:
  - proto
- name: github.com/hailocab/go-hostpool
  version: e80d13ce29ede4452c43dea11e79b9bc8a15b478
- name: github.com/konsorten/go-windows-terminal-sequences
  version: 5c8c8bd35d3832f5d134ae1e1e375b69a4d25242
- name: github.com/opentracing/opentracing-go
  version: be550b025b433cdfa2f11efb962afa2ea3c4d967
  subpackages:
  - ext
  - log
- name: github.com/romana/rlog
  version: f018bc92e7d71f27c04e04cbf008860416c21d01
- name: github.com/sirupsen/logrus
  version: 29d7eb25e8ffa54207ff5a9a5c3d63e95be2cc39
- name: golang.org/x/crypto
  version: eb0de9b17e854e9b1ccd9963efafc79862359959
  subpackages:
  - pbkdf2
  - ssh/terminal
- name: golang.org/x/net
  version: fae4c4e3ad76c295c3d6d259f898136b4bf833a8
  subpackages:
  - context
  - internal/socks
  - proxy
  - websocket
- name: golang.org/x/sys
  version: 4ed8d59d0b35e1e29334a206d1b3f38b1e5dfb31
  subpackages:
  - unix
  - windows
- name: gopkg.in/fatih/pool.v2
  version: 010e0b745d12eaf8426c95f9c3924d81dd0b668f
- name: gopkg.in/rethinkdb/rethinkdb-go.v5
  version: 442075482543497ce5f159d3dea451dc43bd1c0a
  subpackages:
  - encoding
  - ql2
  - types
testImports: []
